
Microsoft Visual Studio Solution File, Format Version 12.00
# Visual Studio Version 16
VisualStudioVersion = 16.0.33027.164
MinimumVisualStudioVersion = 10.0.40219.1
Project("{FAE04EC0-301F-11D3-BF4B-00C04F79EFBC}") = "etickets", "etickets.csproj", "{A78117AA-8DAB-421E-919E-464CCB1DCC91}"
EndProject
Global
	GlobalSection(SolutionConfigurationPlatforms) = preSolution
		Debug|Any CPU = Debug|Any CPU
		Release|Any CPU = Release|Any CPU
	EndGlobalSection
	GlobalSection(ProjectConfigurationPlatforms) = postSolution
		{A78117AA-8DAB-421E-919E-464CCB1DCC91}.Debug|Any CPU.ActiveCfg = Debug|Any CPU
		{A78117AA-8DAB-421E-919E-464CCB1DCC91}.Debug|Any CPU.Build.0 = Debug|Any CPU
		{A78117AA-8DAB-421E-919E-464CCB1DCC91}.Release|Any CPU.ActiveCfg = Release|Any CPU
		{A78117AA-8DAB-421E-919E-464CCB1DCC91}.Release|Any CPU.Build.0 = Release|Any CPU
	EndGlobalSection
	GlobalSection(SolutionProperties) = preSolution
		HideSolutionNode = FALSE
	EndGlobalSection
	GlobalSection(ExtensibilityGlobals) = postSolution
		SolutionGuid = {8E72C8C1-20B1-40A2-89D1-2F371B6E5E63}
	EndGlobalSection
EndGlobal
